# THIS IS AN AUTOGENERATED FILE. DO NOT EDIT THIS FILE DIRECTLY.
# yarn lockfile v1


"@swc/core-darwin-arm64@1.5.25":
  version "1.5.25"
  resolved "https://registry.npmjs.org/@swc/core-darwin-arm64/-/core-darwin-arm64-1.5.25.tgz#fca6bb56ae3b6bcb33a12acf49caa58a37e02769"
  integrity sha512-YbD0SBgVJS2DM0vwJTU5m7+wOyCjHPBDMf3nCBJQzFZzOLzK11eRW7SzU2jhJHr9HI9sKcNFfN4lIC2Sj+4inA==

"@swc/core-darwin-x64@1.5.25":
  version "1.5.25"
  resolved "https://registry.npmjs.org/@swc/core-darwin-x64/-/core-darwin-x64-1.5.25.tgz#6f8764df464b27623f4d0feb3f4a9dfaceb6e2d9"
  integrity sha512-OhP4TROT6gQuozn+ah0Y4UidSdgDmxwtQq3lgCUIAxJYErJAQ82/Y0kve2UaNmkSGjOHU+/b4siHPrYTkXOk0Q==

"@swc/core-linux-arm-gnueabihf@1.5.25":
  version "1.5.25"
  resolved "https://registry.npmjs.org/@swc/core-linux-arm-gnueabihf/-/core-linux-arm-gnueabihf-1.5.25.tgz#8056be84c2db35366a8980b03137de506e5ec0c7"
  integrity sha512-tNmUfrAHxN2gvYPyYNnHx2CYlPO7DGAUuK/bZrqawu++djcg+atAV3eI3XYJgmHId7/sYAlDQ9wjkrOLofFjVg==

"@swc/core-linux-arm64-gnu@1.5.25":
  version "1.5.25"
  resolved "https://registry.npmjs.org/@swc/core-linux-arm64-gnu/-/core-linux-arm64-gnu-1.5.25.tgz#2430eb0d385b396ae6a8a9ea98993f2026ffa08a"
  integrity sha512-stzpke+bRaNFM/HrZPRjX0aQZ86S/2DChVCwb8NAV1n5lu9mz1CS750y7WbbtX/KZjk92FsCeRy2qwkvjI0gWw==

"@swc/core-linux-arm64-musl@1.5.25":
  version "1.5.25"
  resolved "https://registry.npmjs.org/@swc/core-linux-arm64-musl/-/core-linux-arm64-musl-1.5.25.tgz#a41706f1c81956bfe2359fed7d2b8358cab37555"
  integrity sha512-UckUfDYedish/bj2V1jgQDGgouLhyRpG7jgF3mp8jHir11V2K6JiTyjFoz99eOiclS3+hNdr4QLJ+ifrQMJNZw==

"@swc/core-linux-x64-gnu@1.5.25":
  version "1.5.25"
  resolved "https://registry.npmjs.org/@swc/core-linux-x64-gnu/-/core-linux-x64-gnu-1.5.25.tgz#39a07ba197c6bdefcacfd9c917f2bf6b99c4d6dd"
  integrity sha512-LwbJEgNT3lXbvz4WFzVNXNvs8DvxpoXjMZk9K9Hig8tmZQJKHC2qZTGomcyK5EFzfj2HBuBXZnAEW8ZT9PcEaA==

"@swc/core-linux-x64-musl@1.5.25":
  version "1.5.25"
  resolved "https://registry.npmjs.org/@swc/core-linux-x64-musl/-/core-linux-x64-musl-1.5.25.tgz#277997bf19c10eab98fa442035b192bf37a35762"
  integrity sha512-rsepMTgml0EkswWkBpg3Wrjj5eqjwTzZN5omAn1klzXSZnClTrfeHvBuoIJYVr1yx+jmBkqySgME2p7+magUAw==

"@swc/core-win32-arm64-msvc@1.5.25":
  version "1.5.25"
  resolved "https://registry.npmjs.org/@swc/core-win32-arm64-msvc/-/core-win32-arm64-msvc-1.5.25.tgz#a055e059d320fe100fb89556f172a8f05ec55589"
  integrity sha512-DJDsLBsRBV3uQBShRK2x6fqzABp9RLNVxDUpTTvUjc7qywJ8vS/yn+POK/zCyVEqLagf1z/8D5CEQ+RAIJq1NA==

"@swc/core-win32-ia32-msvc@1.5.25":
  version "1.5.25"
  resolved "https://registry.npmjs.org/@swc/core-win32-ia32-msvc/-/core-win32-ia32-msvc-1.5.25.tgz#820f04b2ef12393dc5c1f18189bb63a6673878b8"
  integrity sha512-BARL1ulHol53MEKC1ZVWM3A3FP757UUgG5Q8v97za+4a1SaIgbwvAQyHDxMYWi9+ij+OapK8YnWjJcFa17g8dw==

"@swc/core-win32-x64-msvc@1.5.25":
  version "1.5.25"
  resolved "https://registry.npmjs.org/@swc/core-win32-x64-msvc/-/core-win32-x64-msvc-1.5.25.tgz#27883b25867828d88f9289281679e0aff6f5316a"
  integrity sha512-o+MHUWrQI9iR6EusEV8eNU2Ezi3KtlhUR4gfptQN5MbVzlgjTvQbhiKpE1GYOxp+0BLBbKRwITKOcdhxfEJ2Uw==

"@swc/core@^1.5.25":
  version "1.5.25"
  resolved "https://registry.npmjs.org/@swc/core/-/core-1.5.25.tgz#382df920775e468be01d3d0fb9b71ea4fe01ee0e"
  integrity sha512-qdGEIdLVoTjEQ7w72UyyQ0wLFY4XbHfZiidmPHKJQsvSXzdpHXxPdlTCea/mY4AhMqo/M+pvkJSXJAxZnFl7qw==
  dependencies:
    "@swc/counter" "^0.1.3"
    "@swc/types" "^0.1.7"
  optionalDependencies:
    "@swc/core-darwin-arm64" "1.5.25"
    "@swc/core-darwin-x64" "1.5.25"
    "@swc/core-linux-arm-gnueabihf" "1.5.25"
    "@swc/core-linux-arm64-gnu" "1.5.25"
    "@swc/core-linux-arm64-musl" "1.5.25"
    "@swc/core-linux-x64-gnu" "1.5.25"
    "@swc/core-linux-x64-musl" "1.5.25"
    "@swc/core-win32-arm64-msvc" "1.5.25"
    "@swc/core-win32-ia32-msvc" "1.5.25"
    "@swc/core-win32-x64-msvc" "1.5.25"

"@swc/counter@^0.1.3":
  version "0.1.3"
  resolved "https://registry.npmjs.org/@swc/counter/-/counter-0.1.3.tgz#cc7463bd02949611c6329596fccd2b0ec782b0e9"
  integrity sha512-e2BR4lsJkkRlKZ/qCHPw9ZaSxc0MVUd7gtbtaB7aMvHeJVYe8sOB8DBZkP2DtISHGSku9sCK6T6cnY0CtXrOCQ==

"@swc/types@^0.1.7":
  version "0.1.7"
  resolved "https://registry.npmjs.org/@swc/types/-/types-0.1.7.tgz#ea5d658cf460abff51507ca8d26e2d391bafb15e"
  integrity sha512-scHWahbHF0eyj3JsxG9CFJgFdFNaVQCNAimBlT6PzS3n/HptxqREjsm4OH6AN3lYcffZYSPxXW8ua2BEHp0lJQ==
  dependencies:
    "@swc/counter" "^0.1.3"
